
Microsoft Visual Studio Solution File, Format Version 12.00
# Visual Studio Version 17
VisualStudioVersion = 17.2.32210.308
MinimumVisualStudioVersion = 10.0.40219.1
Project("{FAE04EC0-301F-11D3-BF4B-00C04F79EFBC}") = "StaticAbstractMembers", "StaticAbstractMembers\StaticAbstractMembers.csproj", "{13FF2421-347B-41C9-89D8-7FF0AF910063}"
EndProject
Global
	GlobalSection(SolutionConfigurationPlatforms) = preSolution
		Debug|Any CPU = Debug|Any CPU
		Release|Any CPU = Release|Any CPU
	EndGlobalSection
	GlobalSection(ProjectConfigurationPlatforms) = postSolution
		{13FF2421-347B-41C9-89D8-7FF0AF910063}.Debug|Any CPU.ActiveCfg = Debug|Any CPU
		{13FF2421-347B-41C9-89D8-7FF0AF910063}.Debug|Any CPU.Build.0 = Debug|Any CPU
		{13FF2421-347B-41C9-89D8-7FF0AF910063}.Release|Any CPU.ActiveCfg = Release|Any CPU
		{13FF2421-347B-41C9-89D8-7FF0AF910063}.Release|Any CPU.Build.0 = Release|Any CPU
	EndGlobalSection
	GlobalSection(SolutionProperties) = preSolution
		HideSolutionNode = FALSE
	EndGlobalSection
	GlobalSection(ExtensibilityGlobals) = postSolution
		SolutionGuid = {24D30A05-A195-4F3D-9AB8-311A346EA05B}
	EndGlobalSection
EndGlobal
