
Microsoft Visual Studio Solution File, Format Version 12.00
# Visual Studio Version 17
VisualStudioVersion = 17.1.32203.90
MinimumVisualStudioVersion = 10.0.40219.1
Project("{FAE04EC0-301F-11D3-BF4B-00C04F79EFBC}") = "NaturalDelegateTypeForLambda", "NaturalDelegateTypeForLambda\NaturalDelegateTypeForLambda.csproj", "{24BE9254-A41E-413F-BDD6-382DAA12EE97}"
EndProject
Global
	GlobalSection(SolutionConfigurationPlatforms) = preSolution
		Debug|Any CPU = Debug|Any CPU
		Release|Any CPU = Release|Any CPU
	EndGlobalSection
	GlobalSection(ProjectConfigurationPlatforms) = postSolution
		{24BE9254-A41E-413F-BDD6-382DAA12EE97}.Debug|Any CPU.ActiveCfg = Debug|Any CPU
		{24BE9254-A41E-413F-BDD6-382DAA12EE97}.Debug|Any CPU.Build.0 = Debug|Any CPU
		{24BE9254-A41E-413F-BDD6-382DAA12EE97}.Release|Any CPU.ActiveCfg = Release|Any CPU
		{24BE9254-A41E-413F-BDD6-382DAA12EE97}.Release|Any CPU.Build.0 = Release|Any CPU
	EndGlobalSection
	GlobalSection(SolutionProperties) = preSolution
		HideSolutionNode = FALSE
	EndGlobalSection
	GlobalSection(ExtensibilityGlobals) = postSolution
		SolutionGuid = {C3E3D9FC-AE04-47AF-B3AA-79AEC319A414}
	EndGlobalSection
EndGlobal
