
Microsoft Visual Studio Solution File, Format Version 12.00
# Visual Studio Version 17
VisualStudioVersion = 17.0.31710.8
MinimumVisualStudioVersion = 10.0.40219.1
Project("{9A19103F-16F7-4668-BE54-9A1E7A4F7556}") = "ReactiveExtensions", "ReactiveExtensions.csproj", "{258F821E-A00E-412A-B023-8BAFFD986AB8}"
EndProject
Global
	GlobalSection(SolutionConfigurationPlatforms) = preSolution
		Debug|Any CPU = Debug|Any CPU
		Release|Any CPU = Release|Any CPU
	EndGlobalSection
	GlobalSection(ProjectConfigurationPlatforms) = postSolution
		{258F821E-A00E-412A-B023-8BAFFD986AB8}.Debug|Any CPU.ActiveCfg = Debug|Any CPU
		{258F821E-A00E-412A-B023-8BAFFD986AB8}.Debug|Any CPU.Build.0 = Debug|Any CPU
		{258F821E-A00E-412A-B023-8BAFFD986AB8}.Release|Any CPU.ActiveCfg = Release|Any CPU
		{258F821E-A00E-412A-B023-8BAFFD986AB8}.Release|Any CPU.Build.0 = Release|Any CPU
	EndGlobalSection
	GlobalSection(SolutionProperties) = preSolution
		HideSolutionNode = FALSE
	EndGlobalSection
	GlobalSection(ExtensibilityGlobals) = postSolution
		SolutionGuid = {72CCC8A2-C1E1-45A9-9B47-8A6754682CCE}
	EndGlobalSection
EndGlobal
